{
    "_readme": [
        "This file locks the dependencies of your project to a known state",
        "Read more about it at https://getcomposer.org/doc/01-basic-usage.md#installing-dependencies",
        "This file is @generated automatically"
    ],
    "content-hash": "7a9d02a22fbd368d60b262d7e8c07132",
    "packages": [
        {
            "name": "php/intl",
            "version": "8.4.11",
            "dist": {
                "type": "zip",
                "url": "https://github.com/php/php-src/archive/refs/tags/php-8.4.11.zip",
                "reference": "php-8.4.11"
            },
            "require": {
                "php": ">= 5.3.0"
            },
            "type": "php-ext",
            "php-ext": {
                "extension-name": "intl",
                "build-path": "ext/intl"
            }
        },
        {
            "name": "php/pdo_pgsql",
            "version": "8.4.11",
            "dist": {
                "type": "zip",
                "url": "https://github.com/php/php-src/archive/refs/tags/php-8.4.11.zip",
                "reference": "php-8.4.11"
            },
            "require": {
                "ext-pdo": "*",
                "php": ">= 5.1.0"
            },
            "type": "php-ext",
            "php-ext": {
                "extension-name": "pdo_pgsql",
                "build-path": "ext/pdo_pgsql"
            }
        },
        {
            "name": "php/xsl",
            "version": "8.4.11",
            "dist": {
                "type": "zip",
                "url": "https://github.com/php/php-src/archive/refs/tags/php-8.4.11.zip",
                "reference": "php-8.4.11"
            },
            "require": {
                "ext-libxml": "*",
                "php": ">= 5.2.0"
            },
            "type": "php-ext",
            "php-ext": {
                "extension-name": "xsl",
                "build-path": "ext/xsl"
            }
        }
    ],
    "packages-dev": [],
    "aliases": [],
    "minimum-stability": "stable",
    "stability-flags": {},
    "prefer-stable": false,
    "prefer-lowest": false,
    "platform": {},
    "platform-dev": {},
    "plugin-api-version": "2.6.0"
}
